Microsoft Visual Studio Solution File, Format Version 12.00
# Visual Studio Version 17
VisualStudioVersion = 17.0.32014.148
MinimumVisualStudioVersion = 10.0.40219.1
Project("{11A8DD76-328B-46DF-9F39-F559912D0360}") = "Azure.Devices.Client", "nanoFramework.Azure.Devices.Client\Azure.Devices.Client.nfproj", "{9EDF2863-99AC-4CA1-93FE-F48ED3C6D45F}"
EndProject
Project("{2150E333-8FDC-42A3-9474-1A3956D46DE8}") = "Azure Certificates", "Azure Certificates", "{AC9C4040-9DD0-45FD-9848-6C95250AB052}"
	ProjectSection(SolutionItems) = preProject
		AzureCertificates\BaltimoreRootCA.crt.der = AzureCertificates\BaltimoreRootCA.crt.der
		AzureCertificates\BaltimoreRootCA.crt.pem = AzureCertificates\BaltimoreRootCA.crt.pem
		AzureCertificates\DigiCertGlobalRootG2.crt.pem = AzureCertificates\DigiCertGlobalRootG2.crt.pem
		AzureCertificates\DigiCertGlobalRootG2.der = AzureCertificates\DigiCertGlobalRootG2.der
	EndProjectSection
EndProject
Project("{2150E333-8FDC-42A3-9474-1A3956D46DE8}") = "Tests", "Tests", "{439F8827-FED8-45E0-9DA0-9DE277A29722}"
EndProject
Project("{11A8DD76-328B-46DF-9F39-F559912D0360}") = "TwinTests", "Tests\TwinTests\TwinTests.nfproj", "{50BED153-FF67-4207-ADB0-2651DDADC2A3}"
EndProject
Project("{11A8DD76-328B-46DF-9F39-F559912D0360}") = "CryptoTests", "Tests\CryptoTests\CryptoTests.nfproj", "{18856152-0A46-4B7F-BF38-82313AEB61F8}"
EndProject
Project("{2150E333-8FDC-42A3-9474-1A3956D46DE8}") = "Solution Items", "Solution Items", "{29CB2BEC-F0F1-4B2B-A2A5-DCC9063F4BF0}"
	ProjectSection(SolutionItems) = preProject
		.runsettings = .runsettings
	EndProjectSection
EndProject
Project("{11A8DD76-328B-46DF-9F39-F559912D0360}") = "DeviceClientTests", "Tests\DeviceClientTests\DeviceClientTests.nfproj", "{557EF898-6CF2-4CBC-AE29-72F387FF0EE0}"
EndProject
Global
	GlobalSection(SolutionConfigurationPlatforms) = preSolution
		Debug|Any CPU = Debug|Any CPU
		Release|Any CPU = Release|Any CPU
	EndGlobalSection
	GlobalSection(ProjectConfigurationPlatforms) = postSolution
		{9EDF2863-99AC-4CA1-93FE-F48ED3C6D45F}.Debug|Any CPU.ActiveCfg = Debug|Any CPU
		{9EDF2863-99AC-4CA1-93FE-F48ED3C6D45F}.Debug|Any CPU.Build.0 = Debug|Any CPU
		{9EDF2863-99AC-4CA1-93FE-F48ED3C6D45F}.Debug|Any CPU.Deploy.0 = Debug|Any CPU
		{9EDF2863-99AC-4CA1-93FE-F48ED3C6D45F}.Release|Any CPU.ActiveCfg = Release|Any CPU
		{9EDF2863-99AC-4CA1-93FE-F48ED3C6D45F}.Release|Any CPU.Build.0 = Release|Any CPU
		{9EDF2863-99AC-4CA1-93FE-F48ED3C6D45F}.Release|Any CPU.Deploy.0 = Release|Any CPU
		{50BED153-FF67-4207-ADB0-2651DDADC2A3}.Debug|Any CPU.ActiveCfg = Debug|Any CPU
		{50BED153-FF67-4207-ADB0-2651DDADC2A3}.Debug|Any CPU.Build.0 = Debug|Any CPU
		{50BED153-FF67-4207-ADB0-2651DDADC2A3}.Debug|Any CPU.Deploy.0 = Debug|Any CPU
		{50BED153-FF67-4207-ADB0-2651DDADC2A3}.Release|Any CPU.ActiveCfg = Release|Any CPU
		{50BED153-FF67-4207-ADB0-2651DDADC2A3}.Release|Any CPU.Build.0 = Release|Any CPU
		{50BED153-FF67-4207-ADB0-2651DDADC2A3}.Release|Any CPU.Deploy.0 = Release|Any CPU
		{18856152-0A46-4B7F-BF38-82313AEB61F8}.Debug|Any CPU.ActiveCfg = Debug|Any CPU
		{18856152-0A46-4B7F-BF38-82313AEB61F8}.Debug|Any CPU.Build.0 = Debug|Any CPU
		{18856152-0A46-4B7F-BF38-82313AEB61F8}.Debug|Any CPU.Deploy.0 = Debug|Any CPU
		{18856152-0A46-4B7F-BF38-82313AEB61F8}.Release|Any CPU.ActiveCfg = Release|Any CPU
		{18856152-0A46-4B7F-BF38-82313AEB61F8}.Release|Any CPU.Build.0 = Release|Any CPU
		{18856152-0A46-4B7F-BF38-82313AEB61F8}.Release|Any CPU.Deploy.0 = Release|Any CPU
		{557EF898-6CF2-4CBC-AE29-72F387FF0EE0}.Debug|Any CPU.ActiveCfg = Debug|Any CPU
		{557EF898-6CF2-4CBC-AE29-72F387FF0EE0}.Debug|Any CPU.Build.0 = Debug|Any CPU
		{557EF898-6CF2-4CBC-AE29-72F387FF0EE0}.Debug|Any CPU.Deploy.0 = Debug|Any CPU
		{557EF898-6CF2-4CBC-AE29-72F387FF0EE0}.Release|Any CPU.ActiveCfg = Release|Any CPU
		{557EF898-6CF2-4CBC-AE29-72F387FF0EE0}.Release|Any CPU.Build.0 = Release|Any CPU
		{557EF898-6CF2-4CBC-AE29-72F387FF0EE0}.Release|Any CPU.Deploy.0 = Release|Any CPU
	EndGlobalSection
	GlobalSection(SolutionProperties) = preSolution
		HideSolutionNode = FALSE
	EndGlobalSection
	GlobalSection(NestedProjects) = preSolution
		{50BED153-FF67-4207-ADB0-2651DDADC2A3} = {439F8827-FED8-45E0-9DA0-9DE277A29722}
		{18856152-0A46-4B7F-BF38-82313AEB61F8} = {439F8827-FED8-45E0-9DA0-9DE277A29722}
		{557EF898-6CF2-4CBC-AE29-72F387FF0EE0} = {439F8827-FED8-45E0-9DA0-9DE277A29722}
	EndGlobalSection
	GlobalSection(ExtensibilityGlobals) = postSolution
		SolutionGuid = {C967FC56-9F2D-40AD-8B89-52B96DFD776B}
	EndGlobalSection
EndGlobal
