{
  "version": 1,
  "dependencies": {
    ".NETnanoFramework,Version=v1.0": {
      "nanoFramework.CoreLibrary": {
        "type": "Direct",
        "requested": "[1.16.1, 1.16.1]",
        "resolved": "1.16.1",
        "contentHash": "pUQR6+CuheWC6UXkiIXhmknPkm50OYuKs6TcIBieV50D1R991QSJUFWjM1AixT/37REh8rzx2OAPgX6YDs06zA=="
      },
      "nanoFramework.Json": {
        "type": "Direct",
        "requested": "[2.2.160, 2.2.160]",
        "resolved": "2.2.160",
        "contentHash": "+mXg7/6eqhtWrGnU/+Q4Z+1HHaO3lnidRpc9V9N83mnXfdl4xSiqP4IgjtkmkPamxQJ+0BbcppkeAX11/hfn9Q=="
      },
      "nanoFramework.M2Mqtt": {
        "type": "Direct",
        "requested": "[5.1.161, 5.1.161]",
        "resolved": "5.1.161",
        "contentHash": "lN6HBtaOMI3DsrVhxqasCFnZ3W1XFQrGl6WjjkTj3iXy894FkDhDaGSGqY3wClj9ju0BbHjPx4H+dedLf5wYUQ=="
      },
      "nanoFramework.M2Mqtt.Core": {
        "type": "Direct",
        "requested": "[5.1.166, 5.1.166]",
        "resolved": "5.1.166",
        "contentHash": "wDjLmuHHd2IupeP7rDZUl/gfrUTeLs0PVcjPFQBBbTOo3WKjYzmygAMsUcrULbPxxNhEuZ05pmlDSYzzDrkBZA=="
      },
      "nanoFramework.Runtime.Events": {
        "type": "Direct",
        "requested": "[1.11.26, 1.11.26]",
        "resolved": "1.11.26",
        "contentHash": "xFkgVKv2mnTEwXwNS3lqf2TH4b26TZhq1gqCWPCmLnA6tEpfNP6dpWkm9kwrQ7R2VIdDOtyi3CZhLNAB2bPARg=="
      },
      "nanoFramework.Runtime.Native": {
        "type": "Direct",
        "requested": "[1.7.7, 1.7.7]",
        "resolved": "1.7.7",
        "contentHash": "a38L9TxDdaZLYlgFShpwWOPjG2L0Su9tVOoFSq1v+nm5hU5mkxU5hEOykmEV4aGJEE2NvJkN+fj6LlZNyF/vHA=="
      },
      "nanoFramework.System.Collections": {
        "type": "Direct",
        "requested": "[1.5.56, 1.5.56]",
        "resolved": "1.5.56",
        "contentHash": "epfglXpETWAi0UXqMYH+kqPVpQdjEcGnHCS3kitSVW3bGQ44qwNtXbjVGEWLjUUlRaaIn4ngwOOa9SVbf8qaqw=="
      },
      "nanoFramework.System.IO.Streams": {
        "type": "Direct",
        "requested": "[1.1.77, 1.1.77]",
        "resolved": "1.1.77",
        "contentHash": "zCEUBldDYkA1f02bdkz7VSLa/2NDRBtclS61ujcXs7IvfFcNF1qY2lLTCoPnznxAvJqPGoN49CbGbW9D4hJH3g=="
      },
      "nanoFramework.System.Net": {
        "type": "Direct",
        "requested": "[1.11.17, 1.11.17]",
        "resolved": "1.11.17",
        "contentHash": "4+mppPEkAF2Kr0pIqSDdhs0wzNo7C9aJUzy8gZ1qCyQ8ixMn7WAtnG/9e1UQodvkLdizePC2CaMT4ZPI3i3tAg=="
      },
      "nanoFramework.System.Text": {
        "type": "Direct",
        "requested": "[1.3.9, 1.3.9]",
        "resolved": "1.3.9",
        "contentHash": "IVQ+Hsu6KqFzvFC13cjAA4/J/1wi44Xa7GOu4R47v24HogsXKKus6Pn4icR2pffpLoythCVgX8L1qSiqTuPOEg=="
      },
      "nanoFramework.System.Threading": {
        "type": "Direct",
        "requested": "[1.1.45, 1.1.45]",
        "resolved": "1.1.45",
        "contentHash": "EP2Val4trUWO0v9ci2N5jMD+92D8E+1ahbyhS0BwKXXuH5nvPUlDe8K7EOk6SSY6BymXF/RM2zWfo1Ja3YhIig=="
      },
      "Nerdbank.GitVersioning": {
        "type": "Direct",
        "requested": "[3.7.115, 3.7.115]",
        "resolved": "3.7.115",
        "contentHash": "EpXamaAdRfG/BMxGgvZlTM0npRnkmXUjAj8OdNKd17t4oN+2nvjdv/KnFmzOOMDqvlwB49UCwtOHJrAQTfUBtQ=="
      }
    }
  }
}