{
  "version": 1,
  "dependencies": {
    ".NETnanoFramework,Version=v1.0": {
      "nanoFramework.CoreLibrary": {
        "type": "Direct",
        "requested": "[1.16.11, 1.16.11]",
        "resolved": "1.16.11",
        "contentHash": "2XW+Zn0lQ+lOcxDbB1l2ga2rNoj9Jv2IeJwXE4ka1r+swmxn5N/otlMJVEXJgK8trUeD/E8T7+J7dXjU8UReHw=="
      },
      "nanoFramework.System.Collections": {
        "type": "Direct",
        "requested": "[1.5.56, 1.5.56]",
        "resolved": "1.5.56",
        "contentHash": "epfglXpETWAi0UXqMYH+kqPVpQdjEcGnHCS3kitSVW3bGQ44qwNtXbjVGEWLjUUlRaaIn4ngwOOa9SVbf8qaqw=="
      },
      "nanoFramework.TestFramework": {
        "type": "Direct",
        "requested": "[3.0.60, 3.0.60]",
        "resolved": "3.0.60",
        "contentHash": "O/4ViFY55cryqdhXOA1xY7tTMmXvi7TTW2Q/TOgMV78g+x1s8BB5Hh7S80qBmYgtvZ5FPhse8yS2ptzc1xHsJA=="
      }
    }
  }
}