{
  "version": 1,
  "dependencies": {
    ".NETnanoFramework,Version=v1.0": {
      "nanoFramework.CoreLibrary": {
        "type": "Direct",
        "requested": "[1.15.5, 1.15.5]",
        "resolved": "1.15.5",
        "contentHash": "u2+GvAp1uxLrGdILACAZy+EVKOs28EQ52j8Lz7599egXZ3GBGejjnR2ofhjMQwzrJLlgtyrsx8nSLngDfJNsAg=="
      },
      "nanoFramework.System.Collections": {
        "type": "Direct",
        "requested": "[1.5.45, 1.5.45]",
        "resolved": "1.5.45",
        "contentHash": "dil6zTz67ACEboy5aWib+lcK+v5eOdvChow3UoZjPdH/fsHsHl26D6/OmQKp+KPVdi5/59WUM5InFB4F5FEQfQ=="
      },
      "nanoFramework.TestFramework": {
        "type": "Direct",
        "requested": "[3.0.42, 3.0.42]",
        "resolved": "3.0.42",
        "contentHash": "2x3zfceNtL955U3xemFTSpZEv7uDhuE5hOfMPE0Vuf57HXBjASHf5lfHRWB4ETUzDYiEl6dNavGEDW12Hh2CNw=="
      }
    }
  }
}