{
  "version": 1,
  "dependencies": {
    ".NETnanoFramework,Version=v1.0": {
      "nanoFramework.CoreLibrary": {
        "type": "Direct",
        "requested": "[2.0.0-preview.52, 2.0.0-preview.52]",
        "resolved": "2.0.0-preview.52",
        "contentHash": "cV9JEhoc2OV/UL602i5xmEwQpnn/gzVMlDTAIAMRxCNwBKNYLO9U50OkJykpGnO2SULTsmvFqQWEGZiuANBZHw=="
      },
      "nanoFramework.Json": {
        "type": "Direct",
        "requested": "[3.0.0-preview.7, 3.0.0-preview.7]",
        "resolved": "3.0.0-preview.7",
        "contentHash": "HGo1RzyMoZ31rXbLZL06iotoCX2UIowYNDE9Pflgc5Ey3a1/F2YHTXYAfVxP0usfVrbYtMcRw/JvIlG0bFWk4w=="
      },
      "nanoFramework.M2Mqtt.Core": {
        "type": "Direct",
        "requested": "[6.0.0-preview.9, 6.0.0-preview.9]",
        "resolved": "6.0.0-preview.9",
        "contentHash": "B4MMahCOhS6wJaCWP06Pn7rA9XJKdBlgfWAkGLztpj84kuw+DZ5xWsP0CwMpiCuSYrVKqCbp8PV+Dzv/oRt18A=="
      },
      "nanoFramework.Runtime.Native": {
        "type": "Direct",
        "requested": "[2.0.0-preview.25, 2.0.0-preview.25]",
        "resolved": "2.0.0-preview.25",
        "contentHash": "/CXYVGa3HXrEA4JJ1lQsQtnczgA4W7exSqlyyWKxh29TLHPalll6Y5UoxsBmbRX0WDCWBmBZvdGNIaL3wLpuOA=="
      },
      "nanoFramework.System.Collections": {
        "type": "Direct",
        "requested": "[2.0.0-preview.14, 2.0.0-preview.14]",
        "resolved": "2.0.0-preview.14",
        "contentHash": "bD/aprDzvUS7UGXXnP1NxY2fVw2686gNtiDXt1CV3IMA6YKu7cGXdPXfO8RYDkPNkHJ8omuHNuyUaq0OhJH82g=="
      },
      "nanoFramework.System.IO.Streams": {
        "type": "Direct",
        "requested": "[2.0.0-preview.21, 2.0.0-preview.21]",
        "resolved": "2.0.0-preview.21",
        "contentHash": "wsgKxwjG/QWIgIi/6zPs9M5u1g8digdOHOkUXweij0jHg96yjfCaN6907XElq9zT79QDomJWKMFGSdGqJAkm4Q=="
      },
      "nanoFramework.System.Text": {
        "type": "Direct",
        "requested": "[2.0.0-preview.18, 2.0.0-preview.18]",
        "resolved": "2.0.0-preview.18",
        "contentHash": "ZnV49vaKgIzXN223aZ8Co3GZexDY+0d92QmOqfMdM/tzGIG2gnOy90UfAwQ3/n3Ea3a5RxNNgSxwxNGwsFgyMQ=="
      },
      "nanoFramework.System.Threading": {
        "type": "Direct",
        "requested": "[2.0.0-preview.14, 2.0.0-preview.14]",
        "resolved": "2.0.0-preview.14",
        "contentHash": "4JBZx5/Y3Dd5BZJXHEOw6rD54aWL1p7W2f9QrLRgRQrprIO6AylEFlH2tQuxlyE5YtNRRxaapW4s2mZiOs0Wxg=="
      },
      "Nerdbank.GitVersioning": {
        "type": "Direct",
        "requested": "[3.9.50, 3.9.50]",
        "resolved": "3.9.50",
        "contentHash": "HtOgGF6jZ+WYbXnCUCYPT8Y2d6mIJo9ozjK/FINTRsXdm4Zgv9GehUMa7EFoGQkqrMcDJNOIDwCmENnvXg4UbA=="
      }
    }
  }
}