
Microsoft Visual Studio Solution File, Format Version 12.00
# Visual Studio Version 16
VisualStudioVersion = 16.0.31321.278
MinimumVisualStudioVersion = 10.0.40219.1
Project("{11A8DD76-328B-46DF-9F39-F559912D0360}") = "Azure.Devices.Client.Mqtt", "Azure.Devices.Client.Mqtt\Azure.Devices.Client.Mqtt.nfproj", "{4ED363EA-30CC-4493-9FED-3A76E95F8580}"
EndProject
Project("{D954291E-2A0B-460D-934E-DC6B0785DB48}") = "Azure.Devices.Shared", "Azure.Devices.Shared\Azure.Devices.Shared.shproj", "{4A08951F-F976-47F3-A875-0291ADCBD404}"
EndProject
Project("{D954291E-2A0B-460D-934E-DC6B0785DB48}") = "System.Threading.CancellationToken", "System.Threading.CancellationToken\System.Threading.CancellationToken.shproj", "{809A6044-F4F6-4E6F-8C44-EB5A54B71AB2}"
EndProject
Project("{2150E333-8FDC-42A3-9474-1A3956D46DE8}") = "Tests", "Tests", "{0806ED4D-2502-46E7-B3B1-A93A39BA5CA4}"
EndProject
Project("{11A8DD76-328B-46DF-9F39-F559912D0360}") = "NFUnitTestTwinTests", "Tests\NFUnitTestTwinTests\NFUnitTestTwinTests.nfproj", "{AEA12A0B-6A56-4BA3-89E8-A4E3E33000D4}"
EndProject
Project("{11A8DD76-328B-46DF-9F39-F559912D0360}") = "NFUnitTestExtensionsElements", "Tests\NFUnitTestExtensionsElements\NFUnitTestExtensionsElements.nfproj", "{44EDF479-C356-474C-AF51-1E8E433E5545}"
EndProject
Project("{11A8DD76-328B-46DF-9F39-F559912D0360}") = "NFUnitTestIotHubConnectionStringBuilder", "Tests\NFUnitTestIotHubConnectionStringBuilder\NFUnitTestIotHubConnectionStringBuilder.nfproj", "{1EEE26EF-A294-4CAD-A3DF-DA50BBA9658A}"
EndProject
Project("{11A8DD76-328B-46DF-9F39-F559912D0360}") = "SampleApplication", "SampleApplication\SampleApplication.nfproj", "{B9865240-FBBC-4B1F-9D38-95479AB500D6}"
EndProject
Project("{2150E333-8FDC-42A3-9474-1A3956D46DE8}") = "Shared Projects", "Shared Projects", "{2E2CC3F7-054D-4D10-8D82-E03B99C61F8A}"
EndProject
Global
	GlobalSection(SharedMSBuildProjectFiles) = preSolution
		Azure.Devices.Shared\Azure.Devices.Shared.projitems*{4a08951f-f976-47f3-a875-0291adcbd404}*SharedItemsImports = 13
		System.Threading.CancellationToken\System.Threading.CancellationToken.projitems*{809a6044-f4f6-4e6f-8c44-eb5a54b71ab2}*SharedItemsImports = 13
	EndGlobalSection
	GlobalSection(SolutionConfigurationPlatforms) = preSolution
		Debug|Any CPU = Debug|Any CPU
		Release|Any CPU = Release|Any CPU
	EndGlobalSection
	GlobalSection(ProjectConfigurationPlatforms) = postSolution
		{4ED363EA-30CC-4493-9FED-3A76E95F8580}.Debug|Any CPU.ActiveCfg = Debug|Any CPU
		{4ED363EA-30CC-4493-9FED-3A76E95F8580}.Debug|Any CPU.Build.0 = Debug|Any CPU
		{4ED363EA-30CC-4493-9FED-3A76E95F8580}.Debug|Any CPU.Deploy.0 = Debug|Any CPU
		{4ED363EA-30CC-4493-9FED-3A76E95F8580}.Release|Any CPU.ActiveCfg = Release|Any CPU
		{4ED363EA-30CC-4493-9FED-3A76E95F8580}.Release|Any CPU.Build.0 = Release|Any CPU
		{4ED363EA-30CC-4493-9FED-3A76E95F8580}.Release|Any CPU.Deploy.0 = Release|Any CPU
		{AEA12A0B-6A56-4BA3-89E8-A4E3E33000D4}.Debug|Any CPU.ActiveCfg = Debug|Any CPU
		{AEA12A0B-6A56-4BA3-89E8-A4E3E33000D4}.Debug|Any CPU.Build.0 = Debug|Any CPU
		{AEA12A0B-6A56-4BA3-89E8-A4E3E33000D4}.Debug|Any CPU.Deploy.0 = Debug|Any CPU
		{AEA12A0B-6A56-4BA3-89E8-A4E3E33000D4}.Release|Any CPU.ActiveCfg = Release|Any CPU
		{AEA12A0B-6A56-4BA3-89E8-A4E3E33000D4}.Release|Any CPU.Build.0 = Release|Any CPU
		{AEA12A0B-6A56-4BA3-89E8-A4E3E33000D4}.Release|Any CPU.Deploy.0 = Release|Any CPU
		{44EDF479-C356-474C-AF51-1E8E433E5545}.Debug|Any CPU.ActiveCfg = Debug|Any CPU
		{44EDF479-C356-474C-AF51-1E8E433E5545}.Debug|Any CPU.Build.0 = Debug|Any CPU
		{44EDF479-C356-474C-AF51-1E8E433E5545}.Debug|Any CPU.Deploy.0 = Debug|Any CPU
		{44EDF479-C356-474C-AF51-1E8E433E5545}.Release|Any CPU.ActiveCfg = Release|Any CPU
		{44EDF479-C356-474C-AF51-1E8E433E5545}.Release|Any CPU.Build.0 = Release|Any CPU
		{44EDF479-C356-474C-AF51-1E8E433E5545}.Release|Any CPU.Deploy.0 = Release|Any CPU
		{1EEE26EF-A294-4CAD-A3DF-DA50BBA9658A}.Debug|Any CPU.ActiveCfg = Debug|Any CPU
		{1EEE26EF-A294-4CAD-A3DF-DA50BBA9658A}.Debug|Any CPU.Build.0 = Debug|Any CPU
		{1EEE26EF-A294-4CAD-A3DF-DA50BBA9658A}.Debug|Any CPU.Deploy.0 = Debug|Any CPU
		{1EEE26EF-A294-4CAD-A3DF-DA50BBA9658A}.Release|Any CPU.ActiveCfg = Release|Any CPU
		{1EEE26EF-A294-4CAD-A3DF-DA50BBA9658A}.Release|Any CPU.Build.0 = Release|Any CPU
		{1EEE26EF-A294-4CAD-A3DF-DA50BBA9658A}.Release|Any CPU.Deploy.0 = Release|Any CPU
		{B9865240-FBBC-4B1F-9D38-95479AB500D6}.Debug|Any CPU.ActiveCfg = Debug|Any CPU
		{B9865240-FBBC-4B1F-9D38-95479AB500D6}.Debug|Any CPU.Build.0 = Debug|Any CPU
		{B9865240-FBBC-4B1F-9D38-95479AB500D6}.Debug|Any CPU.Deploy.0 = Debug|Any CPU
		{B9865240-FBBC-4B1F-9D38-95479AB500D6}.Release|Any CPU.ActiveCfg = Release|Any CPU
		{B9865240-FBBC-4B1F-9D38-95479AB500D6}.Release|Any CPU.Build.0 = Release|Any CPU
		{B9865240-FBBC-4B1F-9D38-95479AB500D6}.Release|Any CPU.Deploy.0 = Release|Any CPU
	EndGlobalSection
	GlobalSection(SolutionProperties) = preSolution
		HideSolutionNode = FALSE
	EndGlobalSection
	GlobalSection(NestedProjects) = preSolution
		{4A08951F-F976-47F3-A875-0291ADCBD404} = {2E2CC3F7-054D-4D10-8D82-E03B99C61F8A}
		{809A6044-F4F6-4E6F-8C44-EB5A54B71AB2} = {2E2CC3F7-054D-4D10-8D82-E03B99C61F8A}
		{AEA12A0B-6A56-4BA3-89E8-A4E3E33000D4} = {0806ED4D-2502-46E7-B3B1-A93A39BA5CA4}
		{44EDF479-C356-474C-AF51-1E8E433E5545} = {0806ED4D-2502-46E7-B3B1-A93A39BA5CA4}
		{1EEE26EF-A294-4CAD-A3DF-DA50BBA9658A} = {0806ED4D-2502-46E7-B3B1-A93A39BA5CA4}
	EndGlobalSection
	GlobalSection(ExtensibilityGlobals) = postSolution
		SolutionGuid = {7612EA1C-B3E6-4245-A922-C668002C818E}
	EndGlobalSection
EndGlobal
